#Author : Bishal Singh [Anon4You]

clear
toilet -f standard --metal 'Login' && read -p 'Username: ' x && read -sp 'Password: ' z && clear

#name ko remove karke apna name laga do
#pass ko delete karke apna password laga do
# example
# if [ $x = Bishal ] && [ $z = 1234 ]
#__________________________________________________



if [ $x = name ] && [ $z = pass ]



#_________________________________________________
then
clear
toilet -f smmono12 --gay $x
else
echo $'\e[31m'"Wrong Username or Password!"
sleep 2
killall -9 com.termux
fi
# Please subscribe Anon4You YouTube channel for more information
